// !$*UTF8*$!
{
	archiveVersion = 1;
	classes = {
	};
	objectVersion = 56;
	objects = {

/* Begin PBXBuildFile section */
		96754F802A6BCCD600556999 /* AppDelegate.swift in Sources */ = {isa = PBXBuildFile; fileRef = 96754F7F2A6BCCD600556999 /* AppDelegate.swift */; };
		96754F822A6BCCD600556999 /* SceneDelegate.swift in Sources */ = {isa = PBXBuildFile; fileRef = 96754F812A6BCCD600556999 /* SceneDelegate.swift */; };
		96754F842A6BCCD600556999 /* ViewController.swift in Sources */ = {isa = PBXBuildFile; fileRef = 96754F832A6BCCD600556999 /* ViewController.swift */; };
		96754F872A6BCCD600556999 /* Main.storyboard in Resources */ = {isa = PBXBuildFile; fileRef = 96754F852A6BCCD600556999 /* Main.storyboard */; };
		96754F892A6BCCD700556999 /* Assets.xcassets in Resources */ = {isa = PBXBuildFile; fileRef = 96754F882A6BCCD700556999 /* Assets.xcassets */; };
		96754F8C2A6BCCD700556999 /* LaunchScreen.storyboard in Resources */ = {isa = PBXBuildFile; fileRef = 96754F8A2A6BCCD700556999 /* LaunchScreen.storyboard */; };
		96754F972A6BCCD700556999 /* clearTripTestTests.swift in Sources */ = {isa = PBXBuildFile; fileRef = 96754F962A6BCCD700556999 /* clearTripTestTests.swift */; };
		96754FA12A6BCCD700556999 /* clearTripTestUITests.swift in Sources */ = {isa = PBXBuildFile; fileRef = 96754FA02A6BCCD700556999 /* clearTripTestUITests.swift */; };
		96754FA32A6BCCD700556999 /* clearTripTestUITestsLaunchTests.swift in Sources */ = {isa = PBXBuildFile; fileRef = 96754FA22A6BCCD700556999 /* clearTripTestUITestsLaunchTests.swift */; };
		96754FB62A6BCDD400556999 /* dummyMp3.mp3 in Resources */ = {isa = PBXBuildFile; fileRef = 96754FB52A6BCDD400556999 /* dummyMp3.mp3 */; };
		96754FB92A6BCE7B00556999 /* MusicListViewModel.swift in Sources */ = {isa = PBXBuildFile; fileRef = 96754FB82A6BCE7B00556999 /* MusicListViewModel.swift */; };
		96754FBB2A6BCEEA00556999 /* MusicListModel.swift in Sources */ = {isa = PBXBuildFile; fileRef = 96754FBA2A6BCEEA00556999 /* MusicListModel.swift */; };
		96754FBE2A6BD08200556999 /* MusicListTableViewCell.swift in Sources */ = {isa = PBXBuildFile; fileRef = 96754FBC2A6BD08200556999 /* MusicListTableViewCell.swift */; };
		96754FBF2A6BD08200556999 /* MusicListTableViewCell.xib in Resources */ = {isa = PBXBuildFile; fileRef = 96754FBD2A6BD08200556999 /* MusicListTableViewCell.xib */; };
		96754FC22A6BD44100556999 /* MusicPlayer.swift in Sources */ = {isa = PBXBuildFile; fileRef = 96754FC02A6BD44100556999 /* MusicPlayer.swift */; };
		96754FC32A6BD44100556999 /* MusicPlayer.xib in Resources */ = {isa = PBXBuildFile; fileRef = 96754FC12A6BD44100556999 /* MusicPlayer.xib */; };
		96754FC72A6BD79900556999 /* MusicPlayerViewModel.swift in Sources */ = {isa = PBXBuildFile; fileRef = 96754FC62A6BD79900556999 /* MusicPlayerViewModel.swift */; };
/* End PBXBuildFile section */

/* Begin PBXContainerItemProxy section */
		96754F932A6BCCD700556999 /* PBXContainerItemProxy */ = {
			isa = PBXContainerItemProxy;
			containerPortal = 96754F742A6BCCD600556999 /* Project object */;
			proxyType = 1;
			remoteGlobalIDString = 96754F7B2A6BCCD600556999;
			remoteInfo = clearTripTest;
		};
		96754F9D2A6BCCD700556999 /* PBXContainerItemProxy */ = {
			isa = PBXContainerItemProxy;
			containerPortal = 96754F742A6BCCD600556999 /* Project object */;
			proxyType = 1;
			remoteGlobalIDString = 96754F7B2A6BCCD600556999;
			remoteInfo = clearTripTest;
		};
/* End PBXContainerItemProxy section */

/* Begin PBXFileReference section */
		96754F7C2A6BCCD600556999 /* clearTripTest.app */ = {isa = PBXFileReference; explicitFileType = wrapper.application; includeInIndex = 0; path = clearTripTest.app; sourceTree = BUILT_PRODUCTS_DIR; };
		96754F7F2A6BCCD600556999 /* AppDelegate.swift */ = {isa = PBXFileReference; lastKnownFileType = sourcecode.swift; path = AppDelegate.swift; sourceTree = "<group>"; };
		96754F812A6BCCD600556999 /* SceneDelegate.swift */ = {isa = PBXFileReference; lastKnownFileType = sourcecode.swift; path = SceneDelegate.swift; sourceTree = "<group>"; };
		96754F832A6BCCD600556999 /* ViewController.swift */ = {isa = PBXFileReference; lastKnownFileType = sourcecode.swift; path = ViewController.swift; sourceTree = "<group>"; };
		96754F862A6BCCD600556999 /* Base */ = {isa = PBXFileReference; lastKnownFileType = file.storyboard; name = Base; path = Base.lproj/Main.storyboard; sourceTree = "<group>"; };
		96754F882A6BCCD700556999 /* Assets.xcassets */ = {isa = PBXFileReference; lastKnownFileType = folder.assetcatalog; path = Assets.xcassets; sourceTree = "<group>"; };
		96754F8B2A6BCCD700556999 /* Base */ = {isa = PBXFileReference; lastKnownFileType = file.storyboard; name = Base; path = Base.lproj/LaunchScreen.storyboard; sourceTree = "<group>"; };
		96754F8D2A6BCCD700556999 /* Info.plist */ = {isa = PBXFileReference; lastKnownFileType = text.plist.xml; path = Info.plist; sourceTree = "<group>"; };
		96754F922A6BCCD700556999 /* clearTripTestTests.xctest */ = {isa = PBXFileReference; explicitFileType = wrapper.cfbundle; includeInIndex = 0; path = clearTripTestTests.xctest; sourceTree = BUILT_PRODUCTS_DIR; };
		96754F962A6BCCD700556999 /* clearTripTestTests.swift */ = {isa = PBXFileReference; lastKnownFileType = sourcecode.swift; path = clearTripTestTests.swift; sourceTree = "<group>"; };
		96754F9C2A6BCCD700556999 /* clearTripTestUITests.xctest */ = {isa = PBXFileReference; explicitFileType = wrapper.cfbundle; includeInIndex = 0; path = clearTripTestUITests.xctest; sourceTree = BUILT_PRODUCTS_DIR; };
		96754FA02A6BCCD700556999 /* clearTripTestUITests.swift */ = {isa = PBXFileReference; lastKnownFileType = sourcecode.swift; path = clearTripTestUITests.swift; sourceTree = "<group>"; };
		96754FA22A6BCCD700556999 /* clearTripTestUITestsLaunchTests.swift */ = {isa = PBXFileReference; lastKnownFileType = sourcecode.swift; path = clearTripTestUITestsLaunchTests.swift; sourceTree = "<group>"; };
		96754FB52A6BCDD400556999 /* dummyMp3.mp3 */ = {isa = PBXFileReference; lastKnownFileType = audio.mp3; path = dummyMp3.mp3; sourceTree = "<group>"; };
		96754FB82A6BCE7B00556999 /* MusicListViewModel.swift */ = {isa = PBXFileReference; lastKnownFileType = sourcecode.swift; path = MusicListViewModel.swift; sourceTree = "<group>"; };
		96754FBA2A6BCEEA00556999 /* MusicListModel.swift */ = {isa = PBXFileReference; lastKnownFileType = sourcecode.swift; path = MusicListModel.swift; sourceTree = "<group>"; };
		96754FBC2A6BD08200556999 /* MusicListTableViewCell.swift */ = {isa = PBXFileReference; lastKnownFileType = sourcecode.swift; path = MusicListTableViewCell.swift; sourceTree = "<group>"; };
		96754FBD2A6BD08200556999 /* MusicListTableViewCell.xib */ = {isa = PBXFileReference; lastKnownFileType = file.xib; path = MusicListTableViewCell.xib; sourceTree = "<group>"; };
		96754FC02A6BD44100556999 /* MusicPlayer.swift */ = {isa = PBXFileReference; lastKnownFileType = sourcecode.swift; path = MusicPlayer.swift; sourceTree = "<group>"; };
		96754FC12A6BD44100556999 /* MusicPlayer.xib */ = {isa = PBXFileReference; lastKnownFileType = file.xib; path = MusicPlayer.xib; sourceTree = "<group>"; };
		96754FC62A6BD79900556999 /* MusicPlayerViewModel.swift */ = {isa = PBXFileReference; lastKnownFileType = sourcecode.swift; path = MusicPlayerViewModel.swift; sourceTree = "<group>"; };
/* End PBXFileReference section */

/* Begin PBXFrameworksBuildPhase section */
		96754F792A6BCCD600556999 /* Frameworks */ = {
			isa = PBXFrameworksBuildPhase;
			buildActionMask = 2147483647;
			files = (
			);
			runOnlyForDeploymentPostprocessing = 0;
		};
		96754F8F2A6BCCD700556999 /* Frameworks */ = {
			isa = PBXFrameworksBuildPhase;
			buildActionMask = 2147483647;
			files = (
			);
			runOnlyForDeploymentPostprocessing = 0;
		};
		96754F992A6BCCD700556999 /* Frameworks */ = {
			isa = PBXFrameworksBuildPhase;
			buildActionMask = 2147483647;
			files = (
			);
			runOnlyForDeploymentPostprocessing = 0;
		};
/* End PBXFrameworksBuildPhase section */

/* Begin PBXGroup section */
		96754F732A6BCCD600556999 = {
			isa = PBXGroup;
			children = (
				96754F7E2A6BCCD600556999 /* clearTripTest */,
				96754F952A6BCCD700556999 /* clearTripTestTests */,
				96754F9F2A6BCCD700556999 /* clearTripTestUITests */,
				96754F7D2A6BCCD600556999 /* Products */,
			);
			sourceTree = "<group>";
		};
		96754F7D2A6BCCD600556999 /* Products */ = {
			isa = PBXGroup;
			children = (
				96754F7C2A6BCCD600556999 /* clearTripTest.app */,
				96754F922A6BCCD700556999 /* clearTripTestTests.xctest */,
				96754F9C2A6BCCD700556999 /* clearTripTestUITests.xctest */,
			);
			name = Products;
			sourceTree = "<group>";
		};
		96754F7E2A6BCCD600556999 /* clearTripTest */ = {
			isa = PBXGroup;
			children = (
				96754FB72A6BCDD800556999 /* Resource */,
				96754FB02A6BCD6B00556999 /* MusicPlayer */,
				96754FAF2A6BCD5300556999 /* MusicList */,
				96754F7F2A6BCCD600556999 /* AppDelegate.swift */,
				96754F812A6BCCD600556999 /* SceneDelegate.swift */,
				96754F882A6BCCD700556999 /* Assets.xcassets */,
				96754F8A2A6BCCD700556999 /* LaunchScreen.storyboard */,
				96754F8D2A6BCCD700556999 /* Info.plist */,
			);
			path = clearTripTest;
			sourceTree = "<group>";
		};
		96754F952A6BCCD700556999 /* clearTripTestTests */ = {
			isa = PBXGroup;
			children = (
				96754F962A6BCCD700556999 /* clearTripTestTests.swift */,
			);
			path = clearTripTestTests;
			sourceTree = "<group>";
		};
		96754F9F2A6BCCD700556999 /* clearTripTestUITests */ = {
			isa = PBXGroup;
			children = (
				96754FA02A6BCCD700556999 /* clearTripTestUITests.swift */,
				96754FA22A6BCCD700556999 /* clearTripTestUITestsLaunchTests.swift */,
			);
			path = clearTripTestUITests;
			sourceTree = "<group>";
		};
		96754FAF2A6BCD5300556999 /* MusicList */ = {
			isa = PBXGroup;
			children = (
				96754FB42A6BCD8600556999 /* ViewController */,
				96754FB32A6BCD7F00556999 /* ViewModel */,
				96754FB22A6BCD7B00556999 /* View */,
				96754FB12A6BCD7600556999 /* Model */,
			);
			path = MusicList;
			sourceTree = "<group>";
		};
		96754FB02A6BCD6B00556999 /* MusicPlayer */ = {
			isa = PBXGroup;
			children = (
				96754FC52A6BD78A00556999 /* ViewModel */,
				96754FC42A6BD78200556999 /* ViewController */,
			);
			path = MusicPlayer;
			sourceTree = "<group>";
		};
		96754FB12A6BCD7600556999 /* Model */ = {
			isa = PBXGroup;
			children = (
				96754FBA2A6BCEEA00556999 /* MusicListModel.swift */,
			);
			path = Model;
			sourceTree = "<group>";
		};
		96754FB22A6BCD7B00556999 /* View */ = {
			isa = PBXGroup;
			children = (
				96754FBC2A6BD08200556999 /* MusicListTableViewCell.swift */,
				96754FBD2A6BD08200556999 /* MusicListTableViewCell.xib */,
			);
			path = View;
			sourceTree = "<group>";
		};
		96754FB32A6BCD7F00556999 /* ViewModel */ = {
			isa = PBXGroup;
			children = (
				96754FB82A6BCE7B00556999 /* MusicListViewModel.swift */,
			);
			path = ViewModel;
			sourceTree = "<group>";
		};
		96754FB42A6BCD8600556999 /* ViewController */ = {
			isa = PBXGroup;
			children = (
				96754F832A6BCCD600556999 /* ViewController.swift */,
				96754F852A6BCCD600556999 /* Main.storyboard */,
			);
			path = ViewController;
			sourceTree = "<group>";
		};
		96754FB72A6BCDD800556999 /* Resource */ = {
			isa = PBXGroup;
			children = (
				96754FB52A6BCDD400556999 /* dummyMp3.mp3 */,
			);
			path = Resource;
			sourceTree = "<group>";
		};
		96754FC42A6BD78200556999 /* ViewController */ = {
			isa = PBXGroup;
			children = (
				96754FC02A6BD44100556999 /* MusicPlayer.swift */,
				96754FC12A6BD44100556999 /* MusicPlayer.xib */,
			);
			path = ViewController;
			sourceTree = "<group>";
		};
		96754FC52A6BD78A00556999 /* ViewModel */ = {
			isa = PBXGroup;
			children = (
				96754FC62A6BD79900556999 /* MusicPlayerViewModel.swift */,
			);
			path = ViewModel;
			sourceTree = "<group>";
		};
/* End PBXGroup section */

/* Begin PBXNativeTarget section */
		96754F7B2A6BCCD600556999 /* clearTripTest */ = {
			isa = PBXNativeTarget;
			buildConfigurationList = 96754FA62A6BCCD700556999 /* Build configuration list for PBXNativeTarget "clearTripTest" */;
			buildPhases = (
				96754F782A6BCCD600556999 /* Sources */,
				96754F792A6BCCD600556999 /* Frameworks */,
				96754F7A2A6BCCD600556999 /* Resources */,
			);
			buildRules = (
			);
			dependencies = (
			);
			name = clearTripTest;
			productName = clearTripTest;
			productReference = 96754F7C2A6BCCD600556999 /* clearTripTest.app */;
			productType = "com.apple.product-type.application";
		};
		96754F912A6BCCD700556999 /* clearTripTestTests */ = {
			isa = PBXNativeTarget;
			buildConfigurationList = 96754FA92A6BCCD700556999 /* Build configuration list for PBXNativeTarget "clearTripTestTests" */;
			buildPhases = (
				96754F8E2A6BCCD700556999 /* Sources */,
				96754F8F2A6BCCD700556999 /* Frameworks */,
				96754F902A6BCCD700556999 /* Resources */,
			);
			buildRules = (
			);
			dependencies = (
				96754F942A6BCCD700556999 /* PBXTargetDependency */,
			);
			name = clearTripTestTests;
			productName = clearTripTestTests;
			productReference = 96754F922A6BCCD700556999 /* clearTripTestTests.xctest */;
			productType = "com.apple.product-type.bundle.unit-test";
		};
		96754F9B2A6BCCD700556999 /* clearTripTestUITests */ = {
			isa = PBXNativeTarget;
			buildConfigurationList = 96754FAC2A6BCCD700556999 /* Build configuration list for PBXNativeTarget "clearTripTestUITests" */;
			buildPhases = (
				96754F982A6BCCD700556999 /* Sources */,
				96754F992A6BCCD700556999 /* Frameworks */,
				96754F9A2A6BCCD700556999 /* Resources */,
			);
			buildRules = (
			);
			dependencies = (
				96754F9E2A6BCCD700556999 /* PBXTargetDependency */,
			);
			name = clearTripTestUITests;
			productName = clearTripTestUITests;
			productReference = 96754F9C2A6BCCD700556999 /* clearTripTestUITests.xctest */;
			productType = "com.apple.product-type.bundle.ui-testing";
		};
/* End PBXNativeTarget section */

/* Begin PBXProject section */
		96754F742A6BCCD600556999 /* Project object */ = {
			isa = PBXProject;
			attributes = {
				BuildIndependentTargetsInParallel = 1;
				LastSwiftUpdateCheck = 1430;
				LastUpgradeCheck = 1430;
				TargetAttributes = {
					96754F7B2A6BCCD600556999 = {
						CreatedOnToolsVersion = 14.3;
					};
					96754F912A6BCCD700556999 = {
						CreatedOnToolsVersion = 14.3;
						TestTargetID = 96754F7B2A6BCCD600556999;
					};
					96754F9B2A6BCCD700556999 = {
						CreatedOnToolsVersion = 14.3;
						TestTargetID = 96754F7B2A6BCCD600556999;
					};
				};
			};
			buildConfigurationList = 96754F772A6BCCD600556999 /* Build configuration list for PBXProject "clearTripTest" */;
			compatibilityVersion = "Xcode 14.0";
			developmentRegion = en;
			hasScannedForEncodings = 0;
			knownRegions = (
				en,
				Base,
			);
			mainGroup = 96754F732A6BCCD600556999;
			productRefGroup = 96754F7D2A6BCCD600556999 /* Products */;
			projectDirPath = "";
			projectRoot = "";
			targets = (
				96754F7B2A6BCCD600556999 /* clearTripTest */,
				96754F912A6BCCD700556999 /* clearTripTestTests */,
				96754F9B2A6BCCD700556999 /* clearTripTestUITests */,
			);
		};
/* End PBXProject section */

/* Begin PBXResourcesBuildPhase section */
		96754F7A2A6BCCD600556999 /* Resources */ = {
			isa = PBXResourcesBuildPhase;
			buildActionMask = 2147483647;
			files = (
				96754F8C2A6BCCD700556999 /* LaunchScreen.storyboard in Resources */,
				96754FB62A6BCDD400556999 /* dummyMp3.mp3 in Resources */,
				96754F892A6BCCD700556999 /* Assets.xcassets in Resources */,
				96754FBF2A6BD08200556999 /* MusicListTableViewCell.xib in Resources */,
				96754FC32A6BD44100556999 /* MusicPlayer.xib in Resources */,
				96754F872A6BCCD600556999 /* Main.storyboard in Resources */,
			);
			runOnlyForDeploymentPostprocessing = 0;
		};
		96754F902A6BCCD700556999 /* Resources */ = {
			isa = PBXResourcesBuildPhase;
			buildActionMask = 2147483647;
			files = (
			);
			runOnlyForDeploymentPostprocessing = 0;
		};
		96754F9A2A6BCCD700556999 /* Resources */ = {
			isa = PBXResourcesBuildPhase;
			buildActionMask = 2147483647;
			files = (
			);
			runOnlyForDeploymentPostprocessing = 0;
		};
/* End PBXResourcesBuildPhase section */

/* Begin PBXSourcesBuildPhase section */
		96754F782A6BCCD600556999 /* Sources */ = {
			isa = PBXSourcesBuildPhase;
			buildActionMask = 2147483647;
			files = (
				96754FBB2A6BCEEA00556999 /* MusicListModel.swift in Sources */,
				96754FBE2A6BD08200556999 /* MusicListTableViewCell.swift in Sources */,
				96754FB92A6BCE7B00556999 /* MusicListViewModel.swift in Sources */,
				96754F842A6BCCD600556999 /* ViewController.swift in Sources */,
				96754FC22A6BD44100556999 /* MusicPlayer.swift in Sources */,
				96754F802A6BCCD600556999 /* AppDelegate.swift in Sources */,
				96754F822A6BCCD600556999 /* SceneDelegate.swift in Sources */,
				96754FC72A6BD79900556999 /* MusicPlayerViewModel.swift in Sources */,
			);
			runOnlyForDeploymentPostprocessing = 0;
		};
		96754F8E2A6BCCD700556999 /* Sources */ = {
			isa = PBXSourcesBuildPhase;
			buildActionMask = 2147483647;
			files = (
				96754F972A6BCCD700556999 /* clearTripTestTests.swift in Sources */,
			);
			runOnlyForDeploymentPostprocessing = 0;
		};
		96754F982A6BCCD700556999 /* Sources */ = {
			isa = PBXSourcesBuildPhase;
			buildActionMask = 2147483647;
			files = (
				96754FA12A6BCCD700556999 /* clearTripTestUITests.swift in Sources */,
				96754FA32A6BCCD700556999 /* clearTripTestUITestsLaunchTests.swift in Sources */,
			);
			runOnlyForDeploymentPostprocessing = 0;
		};
/* End PBXSourcesBuildPhase section */

/* Begin PBXTargetDependency section */
		96754F942A6BCCD700556999 /* PBXTargetDependency */ = {
			isa = PBXTargetDependency;
			target = 96754F7B2A6BCCD600556999 /* clearTripTest */;
			targetProxy = 96754F932A6BCCD700556999 /* PBXContainerItemProxy */;
		};
		96754F9E2A6BCCD700556999 /* PBXTargetDependency */ = {
			isa = PBXTargetDependency;
			target = 96754F7B2A6BCCD600556999 /* clearTripTest */;
			targetProxy = 96754F9D2A6BCCD700556999 /* PBXContainerItemProxy */;
		};
/* End PBXTargetDependency section */

/* Begin PBXVariantGroup section */
		96754F852A6BCCD600556999 /* Main.storyboard */ = {
			isa = PBXVariantGroup;
			children = (
				96754F862A6BCCD600556999 /* Base */,
			);
			name = Main.storyboard;
			sourceTree = "<group>";
		};
		96754F8A2A6BCCD700556999 /* LaunchScreen.storyboard */ = {
			isa = PBXVariantGroup;
			children = (
				96754F8B2A6BCCD700556999 /* Base */,
			);
			name = LaunchScreen.storyboard;
			sourceTree = "<group>";
		};
/* End PBXVariantGroup section */

/* Begin XCBuildConfiguration section */
		96754FA42A6BCCD700556999 /* Debug */ = {
			isa = XCBuildConfiguration;
			buildSettings = {
				ALWAYS_SEARCH_USER_PATHS = NO;
				CLANG_ANALYZER_NONNULL = YES;
				CLANG_ANALYZER_NUMBER_OBJECT_CONVERSION = YES_AGGRESSIVE;
				CLANG_CXX_LANGUAGE_STANDARD = "gnu++20";
				CLANG_ENABLE_MODULES = YES;
				CLANG_ENABLE_OBJC_ARC = YES;
				CLANG_ENABLE_OBJC_WEAK = YES;
				CLANG_WARN_BLOCK_CAPTURE_AUTORELEASING = YES;
				CLANG_WARN_BOOL_CONVERSION = YES;
				CLANG_WARN_COMMA = YES;
				CLANG_WARN_CONSTANT_CONVERSION = YES;
				CLANG_WARN_DEPRECATED_OBJC_IMPLEMENTATIONS = YES;
				CLANG_WARN_DIRECT_OBJC_ISA_USAGE = YES_ERROR;
				CLANG_WARN_DOCUMENTATION_COMMENTS = YES;
				CLANG_WARN_EMPTY_BODY = YES;
				CLANG_WARN_ENUM_CONVERSION = YES;
				CLANG_WARN_INFINITE_RECURSION = YES;
				CLANG_WARN_INT_CONVERSION = YES;
				CLANG_WARN_NON_LITERAL_NULL_CONVERSION = YES;
				CLANG_WARN_OBJC_IMPLICIT_RETAIN_SELF = YES;
				CLANG_WARN_OBJC_LITERAL_CONVERSION = YES;
				CLANG_WARN_OBJC_ROOT_CLASS = YES_ERROR;
				CLANG_WARN_QUOTED_INCLUDE_IN_FRAMEWORK_HEADER = YES;
				CLANG_WARN_RANGE_LOOP_ANALYSIS = YES;
				CLANG_WARN_STRICT_PROTOTYPES = YES;
				CLANG_WARN_SUSPICIOUS_MOVE = YES;
				CLANG_WARN_UNGUARDED_AVAILABILITY = YES_AGGRESSIVE;
				CLANG_WARN_UNREACHABLE_CODE = YES;
				CLANG_WARN__DUPLICATE_METHOD_MATCH = YES;
				COPY_PHASE_STRIP = NO;
				DEBUG_INFORMATION_FORMAT = dwarf;
				ENABLE_STRICT_OBJC_MSGSEND = YES;
				ENABLE_TESTABILITY = YES;
				GCC_C_LANGUAGE_STANDARD = gnu11;
				GCC_DYNAMIC_NO_PIC = NO;
				GCC_NO_COMMON_BLOCKS = YES;
				GCC_OPTIMIZATION_LEVEL = 0;
				GCC_PREPROCESSOR_DEFINITIONS = (
					"DEBUG=1",
					"$(inherited)",
				);
				GCC_WARN_64_TO_32_BIT_CONVERSION = YES;
				GCC_WARN_ABOUT_RETURN_TYPE = YES_ERROR;
				GCC_WARN_UNDECLARED_SELECTOR = YES;
				GCC_WARN_UNINITIALIZED_AUTOS = YES_AGGRESSIVE;
				GCC_WARN_UNUSED_FUNCTION = YES;
				GCC_WARN_UNUSED_VARIABLE = YES;
				IPHONEOS_DEPLOYMENT_TARGET = 16.4;
				MTL_ENABLE_DEBUG_INFO = INCLUDE_SOURCE;
				MTL_FAST_MATH = YES;
				ONLY_ACTIVE_ARCH = YES;
				SDKROOT = iphoneos;
				SWIFT_ACTIVE_COMPILATION_CONDITIONS = DEBUG;
				SWIFT_OPTIMIZATION_LEVEL = "-Onone";
			};
			name = Debug;
		};
		96754FA52A6BCCD700556999 /* Release */ = {
			isa = XCBuildConfiguration;
			buildSettings = {
				ALWAYS_SEARCH_USER_PATHS = NO;
				CLANG_ANALYZER_NONNULL = YES;
				CLANG_ANALYZER_NUMBER_OBJECT_CONVERSION = YES_AGGRESSIVE;
				CLANG_CXX_LANGUAGE_STANDARD = "gnu++20";
				CLANG_ENABLE_MODULES = YES;
				CLANG_ENABLE_OBJC_ARC = YES;
				CLANG_ENABLE_OBJC_WEAK = YES;
				CLANG_WARN_BLOCK_CAPTURE_AUTORELEASING = YES;
				CLANG_WARN_BOOL_CONVERSION = YES;
				CLANG_WARN_COMMA = YES;
				CLANG_WARN_CONSTANT_CONVERSION = YES;
				CLANG_WARN_DEPRECATED_OBJC_IMPLEMENTATIONS = YES;
				CLANG_WARN_DIRECT_OBJC_ISA_USAGE = YES_ERROR;
				CLANG_WARN_DOCUMENTATION_COMMENTS = YES;
				CLANG_WARN_EMPTY_BODY = YES;
				CLANG_WARN_ENUM_CONVERSION = YES;
				CLANG_WARN_INFINITE_RECURSION = YES;
				CLANG_WARN_INT_CONVERSION = YES;
				CLANG_WARN_NON_LITERAL_NULL_CONVERSION = YES;
				CLANG_WARN_OBJC_IMPLICIT_RETAIN_SELF = YES;
				CLANG_WARN_OBJC_LITERAL_CONVERSION = YES;
				CLANG_WARN_OBJC_ROOT_CLASS = YES_ERROR;
				CLANG_WARN_QUOTED_INCLUDE_IN_FRAMEWORK_HEADER = YES;
				CLANG_WARN_RANGE_LOOP_ANALYSIS = YES;
				CLANG_WARN_STRICT_PROTOTYPES = YES;
				CLANG_WARN_SUSPICIOUS_MOVE = YES;
				CLANG_WARN_UNGUARDED_AVAILABILITY = YES_AGGRESSIVE;
				CLANG_WARN_UNREACHABLE_CODE = YES;
				CLANG_WARN__DUPLICATE_METHOD_MATCH = YES;
				COPY_PHASE_STRIP = NO;
				DEBUG_INFORMATION_FORMAT = "dwarf-with-dsym";
				ENABLE_NS_ASSERTIONS = NO;
				ENABLE_STRICT_OBJC_MSGSEND = YES;
				GCC_C_LANGUAGE_STANDARD = gnu11;
				GCC_NO_COMMON_BLOCKS = YES;
				GCC_WARN_64_TO_32_BIT_CONVERSION = YES;
				GCC_WARN_ABOUT_RETURN_TYPE = YES_ERROR;
				GCC_WARN_UNDECLARED_SELECTOR = YES;
				GCC_WARN_UNINITIALIZED_AUTOS = YES_AGGRESSIVE;
				GCC_WARN_UNUSED_FUNCTION = YES;
				GCC_WARN_UNUSED_VARIABLE = YES;
				IPHONEOS_DEPLOYMENT_TARGET = 16.4;
				MTL_ENABLE_DEBUG_INFO = NO;
				MTL_FAST_MATH = YES;
				SDKROOT = iphoneos;
				SWIFT_COMPILATION_MODE = wholemodule;
				SWIFT_OPTIMIZATION_LEVEL = "-O";
				VALIDATE_PRODUCT = YES;
			};
			name = Release;
		};
		96754FA72A6BCCD700556999 /* Debug */ = {
			isa = XCBuildConfiguration;
			buildSettings = {
				ASSETCATALOG_COMPILER_APPICON_NAME = AppIcon;
				ASSETCATALOG_COMPILER_GLOBAL_ACCENT_COLOR_NAME = AccentColor;
				CODE_SIGN_STYLE = Automatic;
				CURRENT_PROJECT_VERSION = 1;
				GENERATE_INFOPLIST_FILE = YES;
				INFOPLIST_FILE = clearTripTest/Info.plist;
				INFOPLIST_KEY_UIApplicationSupportsIndirectInputEvents = YES;
				INFOPLIST_KEY_UILaunchStoryboardName = LaunchScreen;
				INFOPLIST_KEY_UIMainStoryboardFile = Main;
				INFOPLIST_KEY_UISupportedInterfaceOrientations_iPad = "UIInterfaceOrientationPortrait UIInterfaceOrientationPortraitUpsideDown UIInterfaceOrientationLandscapeLeft UIInterfaceOrientationLandscapeRight";
				INFOPLIST_KEY_UISupportedInterfaceOrientations_iPhone = "UIInterfaceOrientationPortrait UIInterfaceOrientationLandscapeLeft UIInterfaceOrientationLandscapeRight";
				LD_RUNPATH_SEARCH_PATHS = (
					"$(inherited)",
					"@executable_path/Frameworks",
				);
				MARKETING_VERSION = 1.0;
				PRODUCT_BUNDLE_IDENTIFIER = com.clearTripTest;
				PRODUCT_NAME = "$(TARGET_NAME)";
				SUPPORTED_PLATFORMS = "iphoneos iphonesimulator";
				SUPPORTS_MACCATALYST = NO;
				SUPPORTS_MAC_DESIGNED_FOR_IPHONE_IPAD = NO;
				SWIFT_EMIT_LOC_STRINGS = YES;
				SWIFT_VERSION = 5.0;
				TARGETED_DEVICE_FAMILY = 1;
			};
			name = Debug;
		};
		96754FA82A6BCCD700556999 /* Release */ = {
			isa = XCBuildConfiguration;
			buildSettings = {
				ASSETCATALOG_COMPILER_APPICON_NAME = AppIcon;
				ASSETCATALOG_COMPILER_GLOBAL_ACCENT_COLOR_NAME = AccentColor;
				CODE_SIGN_STYLE = Automatic;
				CURRENT_PROJECT_VERSION = 1;
				GENERATE_INFOPLIST_FILE = YES;
				INFOPLIST_FILE = clearTripTest/Info.plist;
				INFOPLIST_KEY_UIApplicationSupportsIndirectInputEvents = YES;
				INFOPLIST_KEY_UILaunchStoryboardName = LaunchScreen;
				INFOPLIST_KEY_UIMainStoryboardFile = Main;
				INFOPLIST_KEY_UISupportedInterfaceOrientations_iPad = "UIInterfaceOrientationPortrait UIInterfaceOrientationPortraitUpsideDown UIInterfaceOrientationLandscapeLeft UIInterfaceOrientationLandscapeRight";
				INFOPLIST_KEY_UISupportedInterfaceOrientations_iPhone = "UIInterfaceOrientationPortrait UIInterfaceOrientationLandscapeLeft UIInterfaceOrientationLandscapeRight";
				LD_RUNPATH_SEARCH_PATHS = (
					"$(inherited)",
					"@executable_path/Frameworks",
				);
				MARKETING_VERSION = 1.0;
				PRODUCT_BUNDLE_IDENTIFIER = com.clearTripTest;
				PRODUCT_NAME = "$(TARGET_NAME)";
				SUPPORTED_PLATFORMS = "iphoneos iphonesimulator";
				SUPPORTS_MACCATALYST = NO;
				SUPPORTS_MAC_DESIGNED_FOR_IPHONE_IPAD = NO;
				SWIFT_EMIT_LOC_STRINGS = YES;
				SWIFT_VERSION = 5.0;
				TARGETED_DEVICE_FAMILY = 1;
			};
			name = Release;
		};
		96754FAA2A6BCCD700556999 /* Debug */ = {
			isa = XCBuildConfiguration;
			buildSettings = {
				ALWAYS_EMBED_SWIFT_STANDARD_LIBRARIES = YES;
				BUNDLE_LOADER = "$(TEST_HOST)";
				CODE_SIGN_STYLE = Automatic;
				CURRENT_PROJECT_VERSION = 1;
				GENERATE_INFOPLIST_FILE = YES;
				IPHONEOS_DEPLOYMENT_TARGET = 16.4;
				MARKETING_VERSION = 1.0;
				PRODUCT_BUNDLE_IDENTIFIER = com.clearTripTestTests;
				PRODUCT_NAME = "$(TARGET_NAME)";
				SWIFT_EMIT_LOC_STRINGS = NO;
				SWIFT_VERSION = 5.0;
				TARGETED_DEVICE_FAMILY = "1,2";
				TEST_HOST = "$(BUILT_PRODUCTS_DIR)/clearTripTest.app/$(BUNDLE_EXECUTABLE_FOLDER_PATH)/clearTripTest";
			};
			name = Debug;
		};
		96754FAB2A6BCCD700556999 /* Release */ = {
			isa = XCBuildConfiguration;
			buildSettings = {
				ALWAYS_EMBED_SWIFT_STANDARD_LIBRARIES = YES;
				BUNDLE_LOADER = "$(TEST_HOST)";
				CODE_SIGN_STYLE = Automatic;
				CURRENT_PROJECT_VERSION = 1;
				GENERATE_INFOPLIST_FILE = YES;
				IPHONEOS_DEPLOYMENT_TARGET = 16.4;
				MARKETING_VERSION = 1.0;
				PRODUCT_BUNDLE_IDENTIFIER = com.clearTripTestTests;
				PRODUCT_NAME = "$(TARGET_NAME)";
				SWIFT_EMIT_LOC_STRINGS = NO;
				SWIFT_VERSION = 5.0;
				TARGETED_DEVICE_FAMILY = "1,2";
				TEST_HOST = "$(BUILT_PRODUCTS_DIR)/clearTripTest.app/$(BUNDLE_EXECUTABLE_FOLDER_PATH)/clearTripTest";
			};
			name = Release;
		};
		96754FAD2A6BCCD700556999 /* Debug */ = {
			isa = XCBuildConfiguration;
			buildSettings = {
				ALWAYS_EMBED_SWIFT_STANDARD_LIBRARIES = YES;
				CODE_SIGN_STYLE = Automatic;
				CURRENT_PROJECT_VERSION = 1;
				GENERATE_INFOPLIST_FILE = YES;
				MARKETING_VERSION = 1.0;
				PRODUCT_BUNDLE_IDENTIFIER = com.clearTripTestUITests;
				PRODUCT_NAME = "$(TARGET_NAME)";
				SWIFT_EMIT_LOC_STRINGS = NO;
				SWIFT_VERSION = 5.0;
				TARGETED_DEVICE_FAMILY = "1,2";
				TEST_TARGET_NAME = clearTripTest;
			};
			name = Debug;
		};
		96754FAE2A6BCCD700556999 /* Release */ = {
			isa = XCBuildConfiguration;
			buildSettings = {
				ALWAYS_EMBED_SWIFT_STANDARD_LIBRARIES = YES;
				CODE_SIGN_STYLE = Automatic;
				CURRENT_PROJECT_VERSION = 1;
				GENERATE_INFOPLIST_FILE = YES;
				MARKETING_VERSION = 1.0;
				PRODUCT_BUNDLE_IDENTIFIER = com.clearTripTestUITests;
				PRODUCT_NAME = "$(TARGET_NAME)";
				SWIFT_EMIT_LOC_STRINGS = NO;
				SWIFT_VERSION = 5.0;
				TARGETED_DEVICE_FAMILY = "1,2";
				TEST_TARGET_NAME = clearTripTest;
			};
			name = Release;
		};
/* End XCBuildConfiguration section */

/* Begin XCConfigurationList section */
		96754F772A6BCCD600556999 /* Build configuration list for PBXProject "clearTripTest" */ = {
			isa = XCConfigurationList;
			buildConfigurations = (
				96754FA42A6BCCD700556999 /* Debug */,
				96754FA52A6BCCD700556999 /* Release */,
			);
			defaultConfigurationIsVisible = 0;
			defaultConfigurationName = Release;
		};
		96754FA62A6BCCD700556999 /* Build configuration list for PBXNativeTarget "clearTripTest" */ = {
			isa = XCConfigurationList;
			buildConfigurations = (
				96754FA72A6BCCD700556999 /* Debug */,
				96754FA82A6BCCD700556999 /* Release */,
			);
			defaultConfigurationIsVisible = 0;
			defaultConfigurationName = Release;
		};
		96754FA92A6BCCD700556999 /* Build configuration list for PBXNativeTarget "clearTripTestTests" */ = {
			isa = XCConfigurationList;
			buildConfigurations = (
				96754FAA2A6BCCD700556999 /* Debug */,
				96754FAB2A6BCCD700556999 /* Release */,
			);
			defaultConfigurationIsVisible = 0;
			defaultConfigurationName = Release;
		};
		96754FAC2A6BCCD700556999 /* Build configuration list for PBXNativeTarget "clearTripTestUITests" */ = {
			isa = XCConfigurationList;
			buildConfigurations = (
				96754FAD2A6BCCD700556999 /* Debug */,
				96754FAE2A6BCCD700556999 /* Release */,
			);
			defaultConfigurationIsVisible = 0;
			defaultConfigurationName = Release;
		};
/* End XCConfigurationList section */
	};
	rootObject = 96754F742A6BCCD600556999 /* Project object */;
}
